
Microsoft Visual Studio Solution File, Format Version 12.00
# Visual Studio Version 17
VisualStudioVersion = 17.4.33110.190
MinimumVisualStudioVersion = 10.0.40219.1
Project("{FAE04EC0-301F-11D3-BF4B-00C04F79EFBC}") = "ProjetFinal", "ProjetFinal\ProjetFinal.csproj", "{B93FFFCA-09D4-46C9-B109-F32B5FF48A6D}"
EndProject
Global
	GlobalSection(SolutionConfigurationPlatforms) = preSolution
		Debug|Any CPU = Debug|Any CPU
		Release|Any CPU = Release|Any CPU
	EndGlobalSection
	GlobalSection(ProjectConfigurationPlatforms) = postSolution
		{B93FFFCA-09D4-46C9-B109-F32B5FF48A6D}.Debug|Any CPU.ActiveCfg = Debug|Any CPU
		{B93FFFCA-09D4-46C9-B109-F32B5FF48A6D}.Debug|Any CPU.Build.0 = Debug|Any CPU
		{B93FFFCA-09D4-46C9-B109-F32B5FF48A6D}.Release|Any CPU.ActiveCfg = Release|Any CPU
		{B93FFFCA-09D4-46C9-B109-F32B5FF48A6D}.Release|Any CPU.Build.0 = Release|Any CPU
	EndGlobalSection
	GlobalSection(SolutionProperties) = preSolution
		HideSolutionNode = FALSE
	EndGlobalSection
	GlobalSection(ExtensibilityGlobals) = postSolution
		SolutionGuid = {F1A42DB0-9A37-4675-ADE9-40E3F6693D36}
	EndGlobalSection
EndGlobal
